
Microsoft Visual Studio Solution File, Format Version 12.00
# Visual Studio Version 16
VisualStudioVersion = 16.0.32106.194
MinimumVisualStudioVersion = 10.0.40219.1
Project("{FAE04EC0-301F-11D3-BF4B-00C04F79EFBC}") = "Paint", "Paint\Paint.csproj", "{52612A7B-31D4-4E03-924D-1AE28F9C84CD}"
EndProject
Global
	GlobalSection(SolutionConfigurationPlatforms) = preSolution
		Debug|Any CPU = Debug|Any CPU
		Release|Any CPU = Release|Any CPU
	EndGlobalSection
	GlobalSection(ProjectConfigurationPlatforms) = postSolution
		{52612A7B-31D4-4E03-924D-1AE28F9C84CD}.Debug|Any CPU.ActiveCfg = Debug|Any CPU
		{52612A7B-31D4-4E03-924D-1AE28F9C84CD}.Debug|Any CPU.Build.0 = Debug|Any CPU
		{52612A7B-31D4-4E03-924D-1AE28F9C84CD}.Release|Any CPU.ActiveCfg = Release|Any CPU
		{52612A7B-31D4-4E03-924D-1AE28F9C84CD}.Release|Any CPU.Build.0 = Release|Any CPU
	EndGlobalSection
	GlobalSection(SolutionProperties) = preSolution
		HideSolutionNode = FALSE
	EndGlobalSection
	GlobalSection(ExtensibilityGlobals) = postSolution
		SolutionGuid = {FCA96564-B3E5-4828-9836-87E80C01768D}
	EndGlobalSection
EndGlobal
